// !$*UTF8*$!
{
	archiveVersion = 1;
	classes = {
	};
	objectVersion = 46;
	objects = {

/* Begin PBXBuildFile section */
		A6ECFAC4134BDB8600EB7A19 /* UIKit.framework in Frameworks */ = {isa = PBXBuildFile; fileRef = A6ECFAC3134BDB8600EB7A19 /* UIKit.framework */; };
		A6ECFAC6134BDB8600EB7A19 /* Foundation.framework in Frameworks */ = {isa = PBXBuildFile; fileRef = A6ECFAC5134BDB8600EB7A19 /* Foundation.framework */; };
		A6ECFAC8134BDB8600EB7A19 /* CoreGraphics.framework in Frameworks */ = {isa = PBXBuildFile; fileRef = A6ECFAC7134BDB8600EB7A19 /* CoreGraphics.framework */; };
		A6ECFACE134BDB8600EB7A19 /* InfoPlist.strings in Resources */ = {isa = PBXBuildFile; fileRef = A6ECFACC134BDB8600EB7A19 /* InfoPlist.strings */; };
		A6ECFAD1134BDB8600EB7A19 /* main.m in Sources */ = {isa = PBXBuildFile; fileRef = A6ECFAD0134BDB8600EB7A19 /* main.m */; };
		A6ECFAD4134BDB8600EB7A19 /* TestSQLiteCryptoAppDelegate.m in Sources */ = {isa = PBXBuildFile; fileRef = A6ECFAD3134BDB8600EB7A19 /* TestSQLiteCryptoAppDelegate.m */; };
		A6ECFAD7134BDB8600EB7A19 /* MainWindow.xib in Resources */ = {isa = PBXBuildFile; fileRef = A6ECFAD5134BDB8600EB7A19 /* MainWindow.xib */; };
		A6ECFADA134BDB8600EB7A19 /* RootViewController.m in Sources */ = {isa = PBXBuildFile; fileRef = A6ECFAD9134BDB8600EB7A19 /* RootViewController.m */; };
		A6ECFADD134BDB8600EB7A19 /* RootViewController.xib in Resources */ = {isa = PBXBuildFile; fileRef = A6ECFADB134BDB8600EB7A19 /* RootViewController.xib */; };
		A6ECFB15134C05F000EB7A19 /* libsqlcipher.a in Frameworks */ = {isa = PBXBuildFile; fileRef = A6ECFB13134C05F000EB7A19 /* libsqlcipher.a */; };
		A6ECFB16134C05F000EB7A19 /* libcrypto.a in Frameworks */ = {isa = PBXBuildFile; fileRef = A6ECFB14134C05F000EB7A19 /* libcrypto.a */; };
/* End PBXBuildFile section */

/* Begin PBXFileReference section */
		A6ECFABF134BDB8600EB7A19 /* TestSQLiteCrypto.app */ = {isa = PBXFileReference; explicitFileType = wrapper.application; includeInIndex = 0; path = TestSQLiteCrypto.app; sourceTree = BUILT_PRODUCTS_DIR; };
		A6ECFAC3134BDB8600EB7A19 /* UIKit.framework */ = {isa = PBXFileReference; lastKnownFileType = wrapper.framework; name = UIKit.framework; path = System/Library/Frameworks/UIKit.framework; sourceTree = SDKROOT; };
		A6ECFAC5134BDB8600EB7A19 /* Foundation.framework */ = {isa = PBXFileReference; lastKnownFileType = wrapper.framework; name = Foundation.framework; path = System/Library/Frameworks/Foundation.framework; sourceTree = SDKROOT; };
		A6ECFAC7134BDB8600EB7A19 /* CoreGraphics.framework */ = {isa = PBXFileReference; lastKnownFileType = wrapper.framework; name = CoreGraphics.framework; path = System/Library/Frameworks/CoreGraphics.framework; sourceTree = SDKROOT; };
		A6ECFACB134BDB8600EB7A19 /* TestSQLiteCrypto-Info.plist */ = {isa = PBXFileReference; lastKnownFileType = text.plist.xml; path = "TestSQLiteCrypto-Info.plist"; sourceTree = "<group>"; };
		A6ECFACD134BDB8600EB7A19 /* en */ = {isa = PBXFileReference; lastKnownFileType = text.plist.strings; name = en; path = en.lproj/InfoPlist.strings; sourceTree = "<group>"; };
		A6ECFACF134BDB8600EB7A19 /* TestSQLiteCrypto-Prefix.pch */ = {isa = PBXFileReference; lastKnownFileType = sourcecode.c.h; path = "TestSQLiteCrypto-Prefix.pch"; sourceTree = "<group>"; };
		A6ECFAD0134BDB8600EB7A19 /* main.m */ = {isa = PBXFileReference; lastKnownFileType = sourcecode.c.objc; path = main.m; sourceTree = "<group>"; };
		A6ECFAD2134BDB8600EB7A19 /* TestSQLiteCryptoAppDelegate.h */ = {isa = PBXFileReference; lastKnownFileType = sourcecode.c.h; path = TestSQLiteCryptoAppDelegate.h; sourceTree = "<group>"; };
		A6ECFAD3134BDB8600EB7A19 /* TestSQLiteCryptoAppDelegate.m */ = {isa = PBXFileReference; lastKnownFileType = sourcecode.c.objc; path = TestSQLiteCryptoAppDelegate.m; sourceTree = "<group>"; };
		A6ECFAD6134BDB8600EB7A19 /* en */ = {isa = PBXFileReference; lastKnownFileType = file.xib; name = en; path = en.lproj/MainWindow.xib; sourceTree = "<group>"; };
		A6ECFAD8134BDB8600EB7A19 /* RootViewController.h */ = {isa = PBXFileReference; lastKnownFileType = sourcecode.c.h; path = RootViewController.h; sourceTree = "<group>"; };
		A6ECFAD9134BDB8600EB7A19 /* RootViewController.m */ = {isa = PBXFileReference; lastKnownFileType = sourcecode.c.objc; path = RootViewController.m; sourceTree = "<group>"; };
		A6ECFADC134BDB8600EB7A19 /* en */ = {isa = PBXFileReference; lastKnownFileType = file.xib; name = en; path = en.lproj/RootViewController.xib; sourceTree = "<group>"; };
		A6ECFB13134C05F000EB7A19 /* libsqlcipher.a */ = {isa = PBXFileReference; lastKnownFileType = archive.ar; path = libsqlcipher.a; sourceTree = "<group>"; };
		A6ECFB14134C05F000EB7A19 /* libcrypto.a */ = {isa = PBXFileReference; lastKnownFileType = archive.ar; path = libcrypto.a; sourceTree = "<group>"; };
/* End PBXFileReference section */

/* Begin PBXFrameworksBuildPhase section */
		A6ECFABC134BDB8600EB7A19 /* Frameworks */ = {
			isa = PBXFrameworksBuildPhase;
			buildActionMask = 2147483647;
			files = (
				A6ECFB15134C05F000EB7A19 /* libsqlcipher.a in Frameworks */,
				A6ECFB16134C05F000EB7A19 /* libcrypto.a in Frameworks */,
				A6ECFAC4134BDB8600EB7A19 /* UIKit.framework in Frameworks */,
				A6ECFAC6134BDB8600EB7A19 /* Foundation.framework in Frameworks */,
				A6ECFAC8134BDB8600EB7A19 /* CoreGraphics.framework in Frameworks */,
			);
			runOnlyForDeploymentPostprocessing = 0;
		};
/* End PBXFrameworksBuildPhase section */

/* Begin PBXGroup section */
		A6ECFAB4134BDB8600EB7A19 = {
			isa = PBXGroup;
			children = (
				A6ECFB13134C05F000EB7A19 /* libsqlcipher.a */,
				A6ECFB14134C05F000EB7A19 /* libcrypto.a */,
				A6ECFAC9134BDB8600EB7A19 /* TestSQLiteCrypto */,
				A6ECFAC2134BDB8600EB7A19 /* Frameworks */,
				A6ECFAC0134BDB8600EB7A19 /* Products */,
			);
			sourceTree = "<group>";
		};
		A6ECFAC0134BDB8600EB7A19 /* Products */ = {
			isa = PBXGroup;
			children = (
				A6ECFABF134BDB8600EB7A19 /* TestSQLiteCrypto.app */,
			);
			name = Products;
			sourceTree = "<group>";
		};
		A6ECFAC2134BDB8600EB7A19 /* Frameworks */ = {
			isa = PBXGroup;
			children = (
				A6ECFAC3134BDB8600EB7A19 /* UIKit.framework */,
				A6ECFAC5134BDB8600EB7A19 /* Foundation.framework */,
				A6ECFAC7134BDB8600EB7A19 /* CoreGraphics.framework */,
			);
			name = Frameworks;
			sourceTree = "<group>";
		};
		A6ECFAC9134BDB8600EB7A19 /* TestSQLiteCrypto */ = {
			isa = PBXGroup;
			children = (
				A6ECFAD2134BDB8600EB7A19 /* TestSQLiteCryptoAppDelegate.h */,
				A6ECFAD3134BDB8600EB7A19 /* TestSQLiteCryptoAppDelegate.m */,
				A6ECFAD5134BDB8600EB7A19 /* MainWindow.xib */,
				A6ECFAD8134BDB8600EB7A19 /* RootViewController.h */,
				A6ECFAD9134BDB8600EB7A19 /* RootViewController.m */,
				A6ECFADB134BDB8600EB7A19 /* RootViewController.xib */,
				A6ECFACA134BDB8600EB7A19 /* Supporting Files */,
			);
			path = TestSQLiteCrypto;
			sourceTree = "<group>";
		};
		A6ECFACA134BDB8600EB7A19 /* Supporting Files */ = {
			isa = PBXGroup;
			children = (
				A6ECFACB134BDB8600EB7A19 /* TestSQLiteCrypto-Info.plist */,
				A6ECFACC134BDB8600EB7A19 /* InfoPlist.strings */,
				A6ECFACF134BDB8600EB7A19 /* TestSQLiteCrypto-Prefix.pch */,
				A6ECFAD0134BDB8600EB7A19 /* main.m */,
			);
			name = "Supporting Files";
			sourceTree = "<group>";
		};
/* End PBXGroup section */

/* Begin PBXNativeTarget section */
		A6ECFABE134BDB8600EB7A19 /* TestSQLiteCrypto */ = {
			isa = PBXNativeTarget;
			buildConfigurationList = A6ECFAE0134BDB8600EB7A19 /* Build configuration list for PBXNativeTarget "TestSQLiteCrypto" */;
			buildPhases = (
				A6ECFABB134BDB8600EB7A19 /* Sources */,
				A6ECFABC134BDB8600EB7A19 /* Frameworks */,
				A6ECFABD134BDB8600EB7A19 /* Resources */,
			);
			buildRules = (
			);
			dependencies = (
			);
			name = TestSQLiteCrypto;
			productName = TestSQLiteCrypto;
			productReference = A6ECFABF134BDB8600EB7A19 /* TestSQLiteCrypto.app */;
			productType = "com.apple.product-type.application";
		};
/* End PBXNativeTarget section */

/* Begin PBXProject section */
		A6ECFAB6134BDB8600EB7A19 /* Project object */ = {
			isa = PBXProject;
			attributes = {
				ORGANIZATIONNAME = "PatientKeeper Inc.";
			};
			buildConfigurationList = A6ECFAB9134BDB8600EB7A19 /* Build configuration list for PBXProject "TestSQLiteCrypto" */;
			compatibilityVersion = "Xcode 3.2";
			developmentRegion = English;
			hasScannedForEncodings = 0;
			knownRegions = (
				en,
			);
			mainGroup = A6ECFAB4134BDB8600EB7A19;
			productRefGroup = A6ECFAC0134BDB8600EB7A19 /* Products */;
			projectDirPath = "";
			projectRoot = "";
			targets = (
				A6ECFABE134BDB8600EB7A19 /* TestSQLiteCrypto */,
			);
		};
/* End PBXProject section */

/* Begin PBXResourcesBuildPhase section */
		A6ECFABD134BDB8600EB7A19 /* Resources */ = {
			isa = PBXResourcesBuildPhase;
			buildActionMask = 2147483647;
			files = (
				A6ECFACE134BDB8600EB7A19 /* InfoPlist.strings in Resources */,
				A6ECFAD7134BDB8600EB7A19 /* MainWindow.xib in Resources */,
				A6ECFADD134BDB8600EB7A19 /* RootViewController.xib in Resources */,
			);
			runOnlyForDeploymentPostprocessing = 0;
		};
/* End PBXResourcesBuildPhase section */

/* Begin PBXSourcesBuildPhase section */
		A6ECFABB134BDB8600EB7A19 /* Sources */ = {
			isa = PBXSourcesBuildPhase;
			buildActionMask = 2147483647;
			files = (
				A6ECFAD1134BDB8600EB7A19 /* main.m in Sources */,
				A6ECFAD4134BDB8600EB7A19 /* TestSQLiteCryptoAppDelegate.m in Sources */,
				A6ECFADA134BDB8600EB7A19 /* RootViewController.m in Sources */,
			);
			runOnlyForDeploymentPostprocessing = 0;
		};
/* End PBXSourcesBuildPhase section */

/* Begin PBXVariantGroup section */
		A6ECFACC134BDB8600EB7A19 /* InfoPlist.strings */ = {
			isa = PBXVariantGroup;
			children = (
				A6ECFACD134BDB8600EB7A19 /* en */,
			);
			name = InfoPlist.strings;
			sourceTree = "<group>";
		};
		A6ECFAD5134BDB8600EB7A19 /* MainWindow.xib */ = {
			isa = PBXVariantGroup;
			children = (
				A6ECFAD6134BDB8600EB7A19 /* en */,
			);
			name = MainWindow.xib;
			sourceTree = "<group>";
		};
		A6ECFADB134BDB8600EB7A19 /* RootViewController.xib */ = {
			isa = PBXVariantGroup;
			children = (
				A6ECFADC134BDB8600EB7A19 /* en */,
			);
			name = RootViewController.xib;
			sourceTree = "<group>";
		};
/* End PBXVariantGroup section */

/* Begin XCBuildConfiguration section */
		A6ECFADE134BDB8600EB7A19 /* Debug */ = {
			isa = XCBuildConfiguration;
			buildSettings = {
				ARCHS = "$(ARCHS_STANDARD_32_BIT)";
				"CODE_SIGN_IDENTITY[sdk=iphoneos*]" = "iPhone Developer";
				GCC_C_LANGUAGE_STANDARD = gnu99;
				GCC_OPTIMIZATION_LEVEL = 0;
				GCC_PREPROCESSOR_DEFINITIONS = DEBUG;
				GCC_SYMBOLS_PRIVATE_EXTERN = NO;
				GCC_VERSION = com.apple.compilers.llvmgcc42;
				GCC_WARN_ABOUT_RETURN_TYPE = YES;
				GCC_WARN_UNUSED_VARIABLE = YES;
				IPHONEOS_DEPLOYMENT_TARGET = 4.3;
				SDKROOT = iphoneos;
			};
			name = Debug;
		};
		A6ECFADF134BDB8600EB7A19 /* Release */ = {
			isa = XCBuildConfiguration;
			buildSettings = {
				ARCHS = "$(ARCHS_STANDARD_32_BIT)";
				"CODE_SIGN_IDENTITY[sdk=iphoneos*]" = "iPhone Developer";
				GCC_C_LANGUAGE_STANDARD = gnu99;
				GCC_VERSION = com.apple.compilers.llvmgcc42;
				GCC_WARN_ABOUT_RETURN_TYPE = YES;
				GCC_WARN_UNUSED_VARIABLE = YES;
				IPHONEOS_DEPLOYMENT_TARGET = 4.3;
				OTHER_CFLAGS = "-DNS_BLOCK_ASSERTIONS=1";
				SDKROOT = iphoneos;
			};
			name = Release;
		};
		A6ECFAE1134BDB8600EB7A19 /* Debug */ = {
			isa = XCBuildConfiguration;
			buildSettings = {
				ALWAYS_SEARCH_USER_PATHS = NO;
				COPY_PHASE_STRIP = NO;
				GCC_DYNAMIC_NO_PIC = NO;
				GCC_PRECOMPILE_PREFIX_HEADER = YES;
				GCC_PREFIX_HEADER = "TestSQLiteCrypto/TestSQLiteCrypto-Prefix.pch";
				INFOPLIST_FILE = "TestSQLiteCrypto/TestSQLiteCrypto-Info.plist";
				LIBRARY_SEARCH_PATHS = (
					"$(inherited)",
					"\"$(SRCROOT)\"",
				);
				PRODUCT_NAME = "$(TARGET_NAME)";
				WRAPPER_EXTENSION = app;
			};
			name = Debug;
		};
		A6ECFAE2134BDB8600EB7A19 /* Release */ = {
			isa = XCBuildConfiguration;
			buildSettings = {
				ALWAYS_SEARCH_USER_PATHS = NO;
				COPY_PHASE_STRIP = YES;
				GCC_PRECOMPILE_PREFIX_HEADER = YES;
				GCC_PREFIX_HEADER = "TestSQLiteCrypto/TestSQLiteCrypto-Prefix.pch";
				INFOPLIST_FILE = "TestSQLiteCrypto/TestSQLiteCrypto-Info.plist";
				LIBRARY_SEARCH_PATHS = (
					"$(inherited)",
					"\"$(SRCROOT)\"",
				);
				PRODUCT_NAME = "$(TARGET_NAME)";
				VALIDATE_PRODUCT = YES;
				WRAPPER_EXTENSION = app;
			};
			name = Release;
		};
/* End XCBuildConfiguration section */

/* Begin XCConfigurationList section */
		A6ECFAB9134BDB8600EB7A19 /* Build configuration list for PBXProject "TestSQLiteCrypto" */ = {
			isa = XCConfigurationList;
			buildConfigurations = (
				A6ECFADE134BDB8600EB7A19 /* Debug */,
				A6ECFADF134BDB8600EB7A19 /* Release */,
			);
			defaultConfigurationIsVisible = 0;
			defaultConfigurationName = Release;
		};
		A6ECFAE0134BDB8600EB7A19 /* Build configuration list for PBXNativeTarget "TestSQLiteCrypto" */ = {
			isa = XCConfigurationList;
			buildConfigurations = (
				A6ECFAE1134BDB8600EB7A19 /* Debug */,
				A6ECFAE2134BDB8600EB7A19 /* Release */,
			);
			defaultConfigurationIsVisible = 0;
		};
/* End XCConfigurationList section */
	};
	rootObject = A6ECFAB6134BDB8600EB7A19 /* Project object */;
}
